github.com/lib/pq v1.10.6 h1:jbk+ZieJ0D7EVGJYpL9QTz7/YW6UHbmdnZWYyK5cdBs=
github.com/lib/pq v1.10.6/go.mod h1:AlVN5x4E4T544tWzH6hKfbfQvm3HdbOxrmggDNAPY9o=
github.com/sausheong/gwp2/ch02_chitchat/data v0.0.0-20220717014421-78dc07207473 h1:Jj0tcHj3r/v83Flqu8DnsnekeHPtDp26X4ESnGDywd0=
github.com/sausheong/gwp2/ch02_chitchat/data v0.0.0-20220717014421-78dc07207473/go.mod h1:HFDxBHBGm4vUql+aM9wS07VuzRo8/1JwVV/rDwulXB4=
